// !$*UTF8*$!
{
	archiveVersion = 1;
	classes = {
	};
	objectVersion = 50;
	objects = {

/* Begin PBXBuildFile section */
		FE0C0AC526E55A5C004C79BD /* AppDelegate.swift in Sources */ = {isa = PBXBuildFile; fileRef = FE0C0AC426E55A5C004C79BD /* AppDelegate.swift */; };
		FE0C0AC726E55A5C004C79BD /* SceneDelegate.swift in Sources */ = {isa = PBXBuildFile; fileRef = FE0C0AC626E55A5C004C79BD /* SceneDelegate.swift */; };
		FE0C0AC926E55A5C004C79BD /* ViewController.swift in Sources */ = {isa = PBXBuildFile; fileRef = FE0C0AC826E55A5C004C79BD /* ViewController.swift */; };
		FE0C0ACC26E55A5C004C79BD /* Main.storyboard in Resources */ = {isa = PBXBuildFile; fileRef = FE0C0ACA26E55A5C004C79BD /* Main.storyboard */; };
		FE0C0ACE26E55A5E004C79BD /* Assets.xcassets in Resources */ = {isa = PBXBuildFile; fileRef = FE0C0ACD26E55A5E004C79BD /* Assets.xcassets */; };
		FE0C0AD126E55A5E004C79BD /* LaunchScreen.storyboard in Resources */ = {isa = PBXBuildFile; fileRef = FE0C0ACF26E55A5E004C79BD /* LaunchScreen.storyboard */; };
		FE0C0AD926E55EA8004C79BD /* Petition.swift in Sources */ = {isa = PBXBuildFile; fileRef = FE0C0AD826E55EA8004C79BD /* Petition.swift */; };
		FE0C0ADB26E55F2C004C79BD /* Petitions.swift in Sources */ = {isa = PBXBuildFile; fileRef = FE0C0ADA26E55F2C004C79BD /* Petitions.swift */; };
		FE0C0ADD26E56526004C79BD /* DetailViewController.swift in Sources */ = {isa = PBXBuildFile; fileRef = FE0C0ADC26E56526004C79BD /* DetailViewController.swift */; };
/* End PBXBuildFile section */

/* Begin PBXFileReference section */
		FE0C0AC126E55A5C004C79BD /* project7.app */ = {isa = PBXFileReference; explicitFileType = wrapper.application; includeInIndex = 0; path = project7.app; sourceTree = BUILT_PRODUCTS_DIR; };
		FE0C0AC426E55A5C004C79BD /* AppDelegate.swift */ = {isa = PBXFileReference; lastKnownFileType = sourcecode.swift; path = AppDelegate.swift; sourceTree = "<group>"; };
		FE0C0AC626E55A5C004C79BD /* SceneDelegate.swift */ = {isa = PBXFileReference; lastKnownFileType = sourcecode.swift; path = SceneDelegate.swift; sourceTree = "<group>"; };
		FE0C0AC826E55A5C004C79BD /* ViewController.swift */ = {isa = PBXFileReference; lastKnownFileType = sourcecode.swift; path = ViewController.swift; sourceTree = "<group>"; };
		FE0C0ACB26E55A5C004C79BD /* Base */ = {isa = PBXFileReference; lastKnownFileType = file.storyboard; name = Base; path = Base.lproj/Main.storyboard; sourceTree = "<group>"; };
		FE0C0ACD26E55A5E004C79BD /* Assets.xcassets */ = {isa = PBXFileReference; lastKnownFileType = folder.assetcatalog; path = Assets.xcassets; sourceTree = "<group>"; };
		FE0C0AD026E55A5E004C79BD /* Base */ = {isa = PBXFileReference; lastKnownFileType = file.storyboard; name = Base; path = Base.lproj/LaunchScreen.storyboard; sourceTree = "<group>"; };
		FE0C0AD226E55A5E004C79BD /* Info.plist */ = {isa = PBXFileReference; lastKnownFileType = text.plist.xml; path = Info.plist; sourceTree = "<group>"; };
		FE0C0AD826E55EA8004C79BD /* Petition.swift */ = {isa = PBXFileReference; lastKnownFileType = sourcecode.swift; path = Petition.swift; sourceTree = "<group>"; };
		FE0C0ADA26E55F2C004C79BD /* Petitions.swift */ = {isa = PBXFileReference; lastKnownFileType = sourcecode.swift; path = Petitions.swift; sourceTree = "<group>"; };
		FE0C0ADC26E56526004C79BD /* DetailViewController.swift */ = {isa = PBXFileReference; lastKnownFileType = sourcecode.swift; path = DetailViewController.swift; sourceTree = "<group>"; };
/* End PBXFileReference section */

/* Begin PBXFrameworksBuildPhase section */
		FE0C0ABE26E55A5C004C79BD /* Frameworks */ = {
			isa = PBXFrameworksBuildPhase;
			buildActionMask = 2147483647;
			files = (
			);
			runOnlyForDeploymentPostprocessing = 0;
		};
/* End PBXFrameworksBuildPhase section */

/* Begin PBXGroup section */
		FE0C0AB826E55A5C004C79BD = {
			isa = PBXGroup;
			children = (
				FE0C0AC326E55A5C004C79BD /* project7 */,
				FE0C0AC226E55A5C004C79BD /* Products */,
			);
			sourceTree = "<group>";
		};
		FE0C0AC226E55A5C004C79BD /* Products */ = {
			isa = PBXGroup;
			children = (
				FE0C0AC126E55A5C004C79BD /* project7.app */,
			);
			name = Products;
			sourceTree = "<group>";
		};
		FE0C0AC326E55A5C004C79BD /* project7 */ = {
			isa = PBXGroup;
			children = (
				FE0C0AC426E55A5C004C79BD /* AppDelegate.swift */,
				FE0C0AC626E55A5C004C79BD /* SceneDelegate.swift */,
				FE0C0AC826E55A5C004C79BD /* ViewController.swift */,
				FE0C0ACA26E55A5C004C79BD /* Main.storyboard */,
				FE0C0ACD26E55A5E004C79BD /* Assets.xcassets */,
				FE0C0ACF26E55A5E004C79BD /* LaunchScreen.storyboard */,
				FE0C0AD226E55A5E004C79BD /* Info.plist */,
				FE0C0AD826E55EA8004C79BD /* Petition.swift */,
				FE0C0ADA26E55F2C004C79BD /* Petitions.swift */,
				FE0C0ADC26E56526004C79BD /* DetailViewController.swift */,
			);
			path = project7;
			sourceTree = "<group>";
		};
/* End PBXGroup section */

/* Begin PBXNativeTarget section */
		FE0C0AC026E55A5C004C79BD /* project7 */ = {
			isa = PBXNativeTarget;
			buildConfigurationList = FE0C0AD526E55A5E004C79BD /* Build configuration list for PBXNativeTarget "project7" */;
			buildPhases = (
				FE0C0ABD26E55A5C004C79BD /* Sources */,
				FE0C0ABE26E55A5C004C79BD /* Frameworks */,
				FE0C0ABF26E55A5C004C79BD /* Resources */,
			);
			buildRules = (
			);
			dependencies = (
			);
			name = project7;
			productName = project7;
			productReference = FE0C0AC126E55A5C004C79BD /* project7.app */;
			productType = "com.apple.product-type.application";
		};
/* End PBXNativeTarget section */

/* Begin PBXProject section */
		FE0C0AB926E55A5C004C79BD /* Project object */ = {
			isa = PBXProject;
			attributes = {
				LastSwiftUpdateCheck = 1250;
				LastUpgradeCheck = 1250;
				TargetAttributes = {
					FE0C0AC026E55A5C004C79BD = {
						CreatedOnToolsVersion = 12.5.1;
					};
				};
			};
			buildConfigurationList = FE0C0ABC26E55A5C004C79BD /* Build configuration list for PBXProject "project7" */;
			compatibilityVersion = "Xcode 9.3";
			developmentRegion = en;
			hasScannedForEncodings = 0;
			knownRegions = (
				en,
				Base,
			);
			mainGroup = FE0C0AB826E55A5C004C79BD;
			productRefGroup = FE0C0AC226E55A5C004C79BD /* Products */;
			projectDirPath = "";
			projectRoot = "";
			targets = (
				FE0C0AC026E55A5C004C79BD /* project7 */,
			);
		};
/* End PBXProject section */

/* Begin PBXResourcesBuildPhase section */
		FE0C0ABF26E55A5C004C79BD /* Resources */ = {
			isa = PBXResourcesBuildPhase;
			buildActionMask = 2147483647;
			files = (
				FE0C0AD126E55A5E004C79BD /* LaunchScreen.storyboard in Resources */,
				FE0C0ACE26E55A5E004C79BD /* Assets.xcassets in Resources */,
				FE0C0ACC26E55A5C004C79BD /* Main.storyboard in Resources */,
			);
			runOnlyForDeploymentPostprocessing = 0;
		};
/* End PBXResourcesBuildPhase section */

/* Begin PBXSourcesBuildPhase section */
		FE0C0ABD26E55A5C004C79BD /* Sources */ = {
			isa = PBXSourcesBuildPhase;
			buildActionMask = 2147483647;
			files = (
				FE0C0AC926E55A5C004C79BD /* ViewController.swift in Sources */,
				FE0C0AD926E55EA8004C79BD /* Petition.swift in Sources */,
				FE0C0AC526E55A5C004C79BD /* AppDelegate.swift in Sources */,
				FE0C0ADD26E56526004C79BD /* DetailViewController.swift in Sources */,
				FE0C0AC726E55A5C004C79BD /* SceneDelegate.swift in Sources */,
				FE0C0ADB26E55F2C004C79BD /* Petitions.swift in Sources */,
			);
			runOnlyForDeploymentPostprocessing = 0;
		};
/* End PBXSourcesBuildPhase section */

/* Begin PBXVariantGroup section */
		FE0C0ACA26E55A5C004C79BD /* Main.storyboard */ = {
			isa = PBXVariantGroup;
			children = (
				FE0C0ACB26E55A5C004C79BD /* Base */,
			);
			name = Main.storyboard;
			sourceTree = "<group>";
		};
		FE0C0ACF26E55A5E004C79BD /* LaunchScreen.storyboard */ = {
			isa = PBXVariantGroup;
			children = (
				FE0C0AD026E55A5E004C79BD /* Base */,
			);
			name = LaunchScreen.storyboard;
			sourceTree = "<group>";
		};
/* End PBXVariantGroup section */

/* Begin XCBuildConfiguration section */
		FE0C0AD326E55A5E004C79BD /* Debug */ = {
			isa = XCBuildConfiguration;
			buildSettings = {
				ALWAYS_SEARCH_USER_PATHS = NO;
				CLANG_ANALYZER_NONNULL = YES;
				CLANG_ANALYZER_NUMBER_OBJECT_CONVERSION = YES_AGGRESSIVE;
				CLANG_CXX_LANGUAGE_STANDARD = "gnu++14";
				CLANG_CXX_LIBRARY = "libc++";
				CLANG_ENABLE_MODULES = YES;
				CLANG_ENABLE_OBJC_ARC = YES;
				CLANG_ENABLE_OBJC_WEAK = YES;
				CLANG_WARN_BLOCK_CAPTURE_AUTORELEASING = YES;
				CLANG_WARN_BOOL_CONVERSION = YES;
				CLANG_WARN_COMMA = YES;
				CLANG_WARN_CONSTANT_CONVERSION = YES;
				CLANG_WARN_DEPRECATED_OBJC_IMPLEMENTATIONS = YES;
				CLANG_WARN_DIRECT_OBJC_ISA_USAGE = YES_ERROR;
				CLANG_WARN_DOCUMENTATION_COMMENTS = YES;
				CLANG_WARN_EMPTY_BODY = YES;
				CLANG_WARN_ENUM_CONVERSION = YES;
				CLANG_WARN_INFINITE_RECURSION = YES;
				CLANG_WARN_INT_CONVERSION = YES;
				CLANG_WARN_NON_LITERAL_NULL_CONVERSION = YES;
				CLANG_WARN_OBJC_IMPLICIT_RETAIN_SELF = YES;
				CLANG_WARN_OBJC_LITERAL_CONVERSION = YES;
				CLANG_WARN_OBJC_ROOT_CLASS = YES_ERROR;
				CLANG_WARN_QUOTED_INCLUDE_IN_FRAMEWORK_HEADER = YES;
				CLANG_WARN_RANGE_LOOP_ANALYSIS = YES;
				CLANG_WARN_STRICT_PROTOTYPES = YES;
				CLANG_WARN_SUSPICIOUS_MOVE = YES;
				CLANG_WARN_UNGUARDED_AVAILABILITY = YES_AGGRESSIVE;
				CLANG_WARN_UNREACHABLE_CODE = YES;
				CLANG_WARN__DUPLICATE_METHOD_MATCH = YES;
				COPY_PHASE_STRIP = NO;
				DEBUG_INFORMATION_FORMAT = dwarf;
				ENABLE_STRICT_OBJC_MSGSEND = YES;
				ENABLE_TESTABILITY = YES;
				GCC_C_LANGUAGE_STANDARD = gnu11;
				GCC_DYNAMIC_NO_PIC = NO;
				GCC_NO_COMMON_BLOCKS = YES;
				GCC_OPTIMIZATION_LEVEL = 0;
				GCC_PREPROCESSOR_DEFINITIONS = (
					"DEBUG=1",
					"$(inherited)",
				);
				GCC_WARN_64_TO_32_BIT_CONVERSION = YES;
				GCC_WARN_ABOUT_RETURN_TYPE = YES_ERROR;
				GCC_WARN_UNDECLARED_SELECTOR = YES;
				GCC_WARN_UNINITIALIZED_AUTOS = YES_AGGRESSIVE;
				GCC_WARN_UNUSED_FUNCTION = YES;
				GCC_WARN_UNUSED_VARIABLE = YES;
				IPHONEOS_DEPLOYMENT_TARGET = 14.5;
				MTL_ENABLE_DEBUG_INFO = INCLUDE_SOURCE;
				MTL_FAST_MATH = YES;
				ONLY_ACTIVE_ARCH = YES;
				SDKROOT = iphoneos;
				SWIFT_ACTIVE_COMPILATION_CONDITIONS = DEBUG;
				SWIFT_OPTIMIZATION_LEVEL = "-Onone";
			};
			name = Debug;
		};
		FE0C0AD426E55A5E004C79BD /* Release */ = {
			isa = XCBuildConfiguration;
			buildSettings = {
				ALWAYS_SEARCH_USER_PATHS = NO;
				CLANG_ANALYZER_NONNULL = YES;
				CLANG_ANALYZER_NUMBER_OBJECT_CONVERSION = YES_AGGRESSIVE;
				CLANG_CXX_LANGUAGE_STANDARD = "gnu++14";
				CLANG_CXX_LIBRARY = "libc++";
				CLANG_ENABLE_MODULES = YES;
				CLANG_ENABLE_OBJC_ARC = YES;
				CLANG_ENABLE_OBJC_WEAK = YES;
				CLANG_WARN_BLOCK_CAPTURE_AUTORELEASING = YES;
				CLANG_WARN_BOOL_CONVERSION = YES;
				CLANG_WARN_COMMA = YES;
				CLANG_WARN_CONSTANT_CONVERSION = YES;
				CLANG_WARN_DEPRECATED_OBJC_IMPLEMENTATIONS = YES;
				CLANG_WARN_DIRECT_OBJC_ISA_USAGE = YES_ERROR;
				CLANG_WARN_DOCUMENTATION_COMMENTS = YES;
				CLANG_WARN_EMPTY_BODY = YES;
				CLANG_WARN_ENUM_CONVERSION = YES;
				CLANG_WARN_INFINITE_RECURSION = YES;
				CLANG_WARN_INT_CONVERSION = YES;
				CLANG_WARN_NON_LITERAL_NULL_CONVERSION = YES;
				CLANG_WARN_OBJC_IMPLICIT_RETAIN_SELF = YES;
				CLANG_WARN_OBJC_LITERAL_CONVERSION = YES;
				CLANG_WARN_OBJC_ROOT_CLASS = YES_ERROR;
				CLANG_WARN_QUOTED_INCLUDE_IN_FRAMEWORK_HEADER = YES;
				CLANG_WARN_RANGE_LOOP_ANALYSIS = YES;
				CLANG_WARN_STRICT_PROTOTYPES = YES;
				CLANG_WARN_SUSPICIOUS_MOVE = YES;
				CLANG_WARN_UNGUARDED_AVAILABILITY = YES_AGGRESSIVE;
				CLANG_WARN_UNREACHABLE_CODE = YES;
				CLANG_WARN__DUPLICATE_METHOD_MATCH = YES;
				COPY_PHASE_STRIP = NO;
				DEBUG_INFORMATION_FORMAT = "dwarf-with-dsym";
				ENABLE_NS_ASSERTIONS = NO;
				ENABLE_STRICT_OBJC_MSGSEND = YES;
				GCC_C_LANGUAGE_STANDARD = gnu11;
				GCC_NO_COMMON_BLOCKS = YES;
				GCC_WARN_64_TO_32_BIT_CONVERSION = YES;
				GCC_WARN_ABOUT_RETURN_TYPE = YES_ERROR;
				GCC_WARN_UNDECLARED_SELECTOR = YES;
				GCC_WARN_UNINITIALIZED_AUTOS = YES_AGGRESSIVE;
				GCC_WARN_UNUSED_FUNCTION = YES;
				GCC_WARN_UNUSED_VARIABLE = YES;
				IPHONEOS_DEPLOYMENT_TARGET = 14.5;
				MTL_ENABLE_DEBUG_INFO = NO;
				MTL_FAST_MATH = YES;
				SDKROOT = iphoneos;
				SWIFT_COMPILATION_MODE = wholemodule;
				SWIFT_OPTIMIZATION_LEVEL = "-O";
				VALIDATE_PRODUCT = YES;
			};
			name = Release;
		};
		FE0C0AD626E55A5E004C79BD /* Debug */ = {
			isa = XCBuildConfiguration;
			buildSettings = {
				ASSETCATALOG_COMPILER_APPICON_NAME = AppIcon;
				ASSETCATALOG_COMPILER_GLOBAL_ACCENT_COLOR_NAME = AccentColor;
				CODE_SIGN_STYLE = Automatic;
				DEVELOPMENT_TEAM = FJL22994M3;
				INFOPLIST_FILE = project7/Info.plist;
				LD_RUNPATH_SEARCH_PATHS = (
					"$(inherited)",
					"@executable_path/Frameworks",
				);
				PRODUCT_BUNDLE_IDENTIFIER = "-project.project7";
				PRODUCT_NAME = "$(TARGET_NAME)";
				SWIFT_VERSION = 5.0;
				TARGETED_DEVICE_FAMILY = "1,2";
			};
			name = Debug;
		};
		FE0C0AD726E55A5E004C79BD /* Release */ = {
			isa = XCBuildConfiguration;
			buildSettings = {
				ASSETCATALOG_COMPILER_APPICON_NAME = AppIcon;
				ASSETCATALOG_COMPILER_GLOBAL_ACCENT_COLOR_NAME = AccentColor;
				CODE_SIGN_STYLE = Automatic;
				DEVELOPMENT_TEAM = FJL22994M3;
				INFOPLIST_FILE = project7/Info.plist;
				LD_RUNPATH_SEARCH_PATHS = (
					"$(inherited)",
					"@executable_path/Frameworks",
				);
				PRODUCT_BUNDLE_IDENTIFIER = "-project.project7";
				PRODUCT_NAME = "$(TARGET_NAME)";
				SWIFT_VERSION = 5.0;
				TARGETED_DEVICE_FAMILY = "1,2";
			};
			name = Release;
		};
/* End XCBuildConfiguration section */

/* Begin XCConfigurationList section */
		FE0C0ABC26E55A5C004C79BD /* Build configuration list for PBXProject "project7" */ = {
			isa = XCConfigurationList;
			buildConfigurations = (
				FE0C0AD326E55A5E004C79BD /* Debug */,
				FE0C0AD426E55A5E004C79BD /* Release */,
			);
			defaultConfigurationIsVisible = 0;
			defaultConfigurationName = Release;
		};
		FE0C0AD526E55A5E004C79BD /* Build configuration list for PBXNativeTarget "project7" */ = {
			isa = XCConfigurationList;
			buildConfigurations = (
				FE0C0AD626E55A5E004C79BD /* Debug */,
				FE0C0AD726E55A5E004C79BD /* Release */,
			);
			defaultConfigurationIsVisible = 0;
			defaultConfigurationName = Release;
		};
/* End XCConfigurationList section */
	};
	rootObject = FE0C0AB926E55A5C004C79BD /* Project object */;
}
