// !$*UTF8*$!
{
	archiveVersion = 1;
	classes = {
	};
	objectVersion = 50;
	objects = {

/* Begin PBXBuildFile section */
		FE16806026FCB2AD0065DAE3 /* AppDelegate.swift in Sources */ = {isa = PBXBuildFile; fileRef = FE16805F26FCB2AD0065DAE3 /* AppDelegate.swift */; };
		FE16806226FCB2AD0065DAE3 /* GameScene.sks in Resources */ = {isa = PBXBuildFile; fileRef = FE16806126FCB2AD0065DAE3 /* GameScene.sks */; };
		FE16806626FCB2AD0065DAE3 /* GameScene.swift in Sources */ = {isa = PBXBuildFile; fileRef = FE16806526FCB2AD0065DAE3 /* GameScene.swift */; };
		FE16806826FCB2AD0065DAE3 /* GameViewController.swift in Sources */ = {isa = PBXBuildFile; fileRef = FE16806726FCB2AD0065DAE3 /* GameViewController.swift */; };
		FE16806B26FCB2AD0065DAE3 /* Main.storyboard in Resources */ = {isa = PBXBuildFile; fileRef = FE16806926FCB2AD0065DAE3 /* Main.storyboard */; };
		FE16806D26FCB2AE0065DAE3 /* Assets.xcassets in Resources */ = {isa = PBXBuildFile; fileRef = FE16806C26FCB2AE0065DAE3 /* Assets.xcassets */; };
		FE16807F26FCB8D50065DAE3 /* whack.caf in Resources */ = {isa = PBXBuildFile; fileRef = FE16807426FCB8D50065DAE3 /* whack.caf */; };
		FE16808026FCB8D50065DAE3 /* sliceFuse.sks in Resources */ = {isa = PBXBuildFile; fileRef = FE16807526FCB8D50065DAE3 /* sliceFuse.sks */; };
		FE16808126FCB8D50065DAE3 /* launch.caf in Resources */ = {isa = PBXBuildFile; fileRef = FE16807626FCB8D50065DAE3 /* launch.caf */; };
		FE16808226FCB8D50065DAE3 /* sliceHitEnemy.sks in Resources */ = {isa = PBXBuildFile; fileRef = FE16807726FCB8D50065DAE3 /* sliceHitEnemy.sks */; };
		FE16808326FCB8D50065DAE3 /* sliceBombFuse.caf in Resources */ = {isa = PBXBuildFile; fileRef = FE16807826FCB8D50065DAE3 /* sliceBombFuse.caf */; };
		FE16808426FCB8D50065DAE3 /* explosion.caf in Resources */ = {isa = PBXBuildFile; fileRef = FE16807926FCB8D50065DAE3 /* explosion.caf */; };
		FE16808526FCB8D50065DAE3 /* swoosh3.caf in Resources */ = {isa = PBXBuildFile; fileRef = FE16807A26FCB8D50065DAE3 /* swoosh3.caf */; };
		FE16808626FCB8D50065DAE3 /* wrong.caf in Resources */ = {isa = PBXBuildFile; fileRef = FE16807B26FCB8D50065DAE3 /* wrong.caf */; };
		FE16808726FCB8D50065DAE3 /* sliceHitBomb.sks in Resources */ = {isa = PBXBuildFile; fileRef = FE16807C26FCB8D50065DAE3 /* sliceHitBomb.sks */; };
		FE16808826FCB8D50065DAE3 /* swoosh1.caf in Resources */ = {isa = PBXBuildFile; fileRef = FE16807D26FCB8D50065DAE3 /* swoosh1.caf */; };
		FE16808926FCB8D50065DAE3 /* swoosh2.caf in Resources */ = {isa = PBXBuildFile; fileRef = FE16807E26FCB8D50065DAE3 /* swoosh2.caf */; };
/* End PBXBuildFile section */

/* Begin PBXFileReference section */
		FE16805C26FCB2AD0065DAE3 /* project23.app */ = {isa = PBXFileReference; explicitFileType = wrapper.application; includeInIndex = 0; path = project23.app; sourceTree = BUILT_PRODUCTS_DIR; };
		FE16805F26FCB2AD0065DAE3 /* AppDelegate.swift */ = {isa = PBXFileReference; lastKnownFileType = sourcecode.swift; path = AppDelegate.swift; sourceTree = "<group>"; };
		FE16806126FCB2AD0065DAE3 /* GameScene.sks */ = {isa = PBXFileReference; lastKnownFileType = file.sks; path = GameScene.sks; sourceTree = "<group>"; };
		FE16806526FCB2AD0065DAE3 /* GameScene.swift */ = {isa = PBXFileReference; lastKnownFileType = sourcecode.swift; path = GameScene.swift; sourceTree = "<group>"; };
		FE16806726FCB2AD0065DAE3 /* GameViewController.swift */ = {isa = PBXFileReference; lastKnownFileType = sourcecode.swift; path = GameViewController.swift; sourceTree = "<group>"; };
		FE16806A26FCB2AD0065DAE3 /* Base */ = {isa = PBXFileReference; lastKnownFileType = file.storyboard; name = Base; path = Base.lproj/Main.storyboard; sourceTree = "<group>"; };
		FE16806C26FCB2AE0065DAE3 /* Assets.xcassets */ = {isa = PBXFileReference; lastKnownFileType = folder.assetcatalog; path = Assets.xcassets; sourceTree = "<group>"; };
		FE16806E26FCB2AE0065DAE3 /* Info.plist */ = {isa = PBXFileReference; lastKnownFileType = text.plist.xml; path = Info.plist; sourceTree = "<group>"; };
		FE16807426FCB8D50065DAE3 /* whack.caf */ = {isa = PBXFileReference; lastKnownFileType = file; name = whack.caf; path = "../../../../../Library/Containers/com.apple.mail/Data/Library/Mail Downloads/6FD1C2E1-218B-4091-A41A-870BEC557596/Content/whack.caf"; sourceTree = "<group>"; };
		FE16807526FCB8D50065DAE3 /* sliceFuse.sks */ = {isa = PBXFileReference; lastKnownFileType = file.sks; name = sliceFuse.sks; path = "../../../../../Library/Containers/com.apple.mail/Data/Library/Mail Downloads/6FD1C2E1-218B-4091-A41A-870BEC557596/Content/sliceFuse.sks"; sourceTree = "<group>"; };
		FE16807626FCB8D50065DAE3 /* launch.caf */ = {isa = PBXFileReference; lastKnownFileType = file; name = launch.caf; path = "../../../../../Library/Containers/com.apple.mail/Data/Library/Mail Downloads/6FD1C2E1-218B-4091-A41A-870BEC557596/Content/launch.caf"; sourceTree = "<group>"; };
		FE16807726FCB8D50065DAE3 /* sliceHitEnemy.sks */ = {isa = PBXFileReference; lastKnownFileType = file.sks; name = sliceHitEnemy.sks; path = "../../../../../Library/Containers/com.apple.mail/Data/Library/Mail Downloads/6FD1C2E1-218B-4091-A41A-870BEC557596/Content/sliceHitEnemy.sks"; sourceTree = "<group>"; };
		FE16807826FCB8D50065DAE3 /* sliceBombFuse.caf */ = {isa = PBXFileReference; lastKnownFileType = file; name = sliceBombFuse.caf; path = "../../../../../Library/Containers/com.apple.mail/Data/Library/Mail Downloads/6FD1C2E1-218B-4091-A41A-870BEC557596/Content/sliceBombFuse.caf"; sourceTree = "<group>"; };
		FE16807926FCB8D50065DAE3 /* explosion.caf */ = {isa = PBXFileReference; lastKnownFileType = file; name = explosion.caf; path = "../../../../../Library/Containers/com.apple.mail/Data/Library/Mail Downloads/6FD1C2E1-218B-4091-A41A-870BEC557596/Content/explosion.caf"; sourceTree = "<group>"; };
		FE16807A26FCB8D50065DAE3 /* swoosh3.caf */ = {isa = PBXFileReference; lastKnownFileType = file; name = swoosh3.caf; path = "../../../../../Library/Containers/com.apple.mail/Data/Library/Mail Downloads/6FD1C2E1-218B-4091-A41A-870BEC557596/Content/swoosh3.caf"; sourceTree = "<group>"; };
		FE16807B26FCB8D50065DAE3 /* wrong.caf */ = {isa = PBXFileReference; lastKnownFileType = file; name = wrong.caf; path = "../../../../../Library/Containers/com.apple.mail/Data/Library/Mail Downloads/6FD1C2E1-218B-4091-A41A-870BEC557596/Content/wrong.caf"; sourceTree = "<group>"; };
		FE16807C26FCB8D50065DAE3 /* sliceHitBomb.sks */ = {isa = PBXFileReference; lastKnownFileType = file.sks; name = sliceHitBomb.sks; path = "../../../../../Library/Containers/com.apple.mail/Data/Library/Mail Downloads/6FD1C2E1-218B-4091-A41A-870BEC557596/Content/sliceHitBomb.sks"; sourceTree = "<group>"; };
		FE16807D26FCB8D50065DAE3 /* swoosh1.caf */ = {isa = PBXFileReference; lastKnownFileType = file; name = swoosh1.caf; path = "../../../../../Library/Containers/com.apple.mail/Data/Library/Mail Downloads/6FD1C2E1-218B-4091-A41A-870BEC557596/Content/swoosh1.caf"; sourceTree = "<group>"; };
		FE16807E26FCB8D50065DAE3 /* swoosh2.caf */ = {isa = PBXFileReference; lastKnownFileType = file; name = swoosh2.caf; path = "../../../../../Library/Containers/com.apple.mail/Data/Library/Mail Downloads/6FD1C2E1-218B-4091-A41A-870BEC557596/Content/swoosh2.caf"; sourceTree = "<group>"; };
/* End PBXFileReference section */

/* Begin PBXFrameworksBuildPhase section */
		FE16805926FCB2AD0065DAE3 /* Frameworks */ = {
			isa = PBXFrameworksBuildPhase;
			buildActionMask = 2147483647;
			files = (
			);
			runOnlyForDeploymentPostprocessing = 0;
		};
/* End PBXFrameworksBuildPhase section */

/* Begin PBXGroup section */
		FE16805326FCB2AD0065DAE3 = {
			isa = PBXGroup;
			children = (
				FE16805E26FCB2AD0065DAE3 /* project23 */,
				FE16805D26FCB2AD0065DAE3 /* Products */,
			);
			sourceTree = "<group>";
		};
		FE16805D26FCB2AD0065DAE3 /* Products */ = {
			isa = PBXGroup;
			children = (
				FE16805C26FCB2AD0065DAE3 /* project23.app */,
			);
			name = Products;
			sourceTree = "<group>";
		};
		FE16805E26FCB2AD0065DAE3 /* project23 */ = {
			isa = PBXGroup;
			children = (
				FE16805F26FCB2AD0065DAE3 /* AppDelegate.swift */,
				FE16806126FCB2AD0065DAE3 /* GameScene.sks */,
				FE16806526FCB2AD0065DAE3 /* GameScene.swift */,
				FE16806726FCB2AD0065DAE3 /* GameViewController.swift */,
				FE16806926FCB2AD0065DAE3 /* Main.storyboard */,
				FE16806C26FCB2AE0065DAE3 /* Assets.xcassets */,
				FE16806E26FCB2AE0065DAE3 /* Info.plist */,
				FE16807926FCB8D50065DAE3 /* explosion.caf */,
				FE16807626FCB8D50065DAE3 /* launch.caf */,
				FE16807826FCB8D50065DAE3 /* sliceBombFuse.caf */,
				FE16807526FCB8D50065DAE3 /* sliceFuse.sks */,
				FE16807C26FCB8D50065DAE3 /* sliceHitBomb.sks */,
				FE16807726FCB8D50065DAE3 /* sliceHitEnemy.sks */,
				FE16807D26FCB8D50065DAE3 /* swoosh1.caf */,
				FE16807E26FCB8D50065DAE3 /* swoosh2.caf */,
				FE16807A26FCB8D50065DAE3 /* swoosh3.caf */,
				FE16807426FCB8D50065DAE3 /* whack.caf */,
				FE16807B26FCB8D50065DAE3 /* wrong.caf */,
			);
			path = project23;
			sourceTree = "<group>";
		};
/* End PBXGroup section */

/* Begin PBXNativeTarget section */
		FE16805B26FCB2AD0065DAE3 /* project23 */ = {
			isa = PBXNativeTarget;
			buildConfigurationList = FE16807126FCB2AE0065DAE3 /* Build configuration list for PBXNativeTarget "project23" */;
			buildPhases = (
				FE16805826FCB2AD0065DAE3 /* Sources */,
				FE16805926FCB2AD0065DAE3 /* Frameworks */,
				FE16805A26FCB2AD0065DAE3 /* Resources */,
			);
			buildRules = (
			);
			dependencies = (
			);
			name = project23;
			productName = project23;
			productReference = FE16805C26FCB2AD0065DAE3 /* project23.app */;
			productType = "com.apple.product-type.application";
		};
/* End PBXNativeTarget section */

/* Begin PBXProject section */
		FE16805426FCB2AD0065DAE3 /* Project object */ = {
			isa = PBXProject;
			attributes = {
				LastSwiftUpdateCheck = 1250;
				LastUpgradeCheck = 1250;
				TargetAttributes = {
					FE16805B26FCB2AD0065DAE3 = {
						CreatedOnToolsVersion = 12.5.1;
					};
				};
			};
			buildConfigurationList = FE16805726FCB2AD0065DAE3 /* Build configuration list for PBXProject "project23" */;
			compatibilityVersion = "Xcode 9.3";
			developmentRegion = en;
			hasScannedForEncodings = 0;
			knownRegions = (
				en,
				Base,
			);
			mainGroup = FE16805326FCB2AD0065DAE3;
			productRefGroup = FE16805D26FCB2AD0065DAE3 /* Products */;
			projectDirPath = "";
			projectRoot = "";
			targets = (
				FE16805B26FCB2AD0065DAE3 /* project23 */,
			);
		};
/* End PBXProject section */

/* Begin PBXResourcesBuildPhase section */
		FE16805A26FCB2AD0065DAE3 /* Resources */ = {
			isa = PBXResourcesBuildPhase;
			buildActionMask = 2147483647;
			files = (
				FE16808726FCB8D50065DAE3 /* sliceHitBomb.sks in Resources */,
				FE16808826FCB8D50065DAE3 /* swoosh1.caf in Resources */,
				FE16808426FCB8D50065DAE3 /* explosion.caf in Resources */,
				FE16806B26FCB2AD0065DAE3 /* Main.storyboard in Resources */,
				FE16808226FCB8D50065DAE3 /* sliceHitEnemy.sks in Resources */,
				FE16808126FCB8D50065DAE3 /* launch.caf in Resources */,
				FE16806226FCB2AD0065DAE3 /* GameScene.sks in Resources */,
				FE16808326FCB8D50065DAE3 /* sliceBombFuse.caf in Resources */,
				FE16808026FCB8D50065DAE3 /* sliceFuse.sks in Resources */,
				FE16806D26FCB2AE0065DAE3 /* Assets.xcassets in Resources */,
				FE16808926FCB8D50065DAE3 /* swoosh2.caf in Resources */,
				FE16807F26FCB8D50065DAE3 /* whack.caf in Resources */,
				FE16808626FCB8D50065DAE3 /* wrong.caf in Resources */,
				FE16808526FCB8D50065DAE3 /* swoosh3.caf in Resources */,
			);
			runOnlyForDeploymentPostprocessing = 0;
		};
/* End PBXResourcesBuildPhase section */

/* Begin PBXSourcesBuildPhase section */
		FE16805826FCB2AD0065DAE3 /* Sources */ = {
			isa = PBXSourcesBuildPhase;
			buildActionMask = 2147483647;
			files = (
				FE16806626FCB2AD0065DAE3 /* GameScene.swift in Sources */,
				FE16806826FCB2AD0065DAE3 /* GameViewController.swift in Sources */,
				FE16806026FCB2AD0065DAE3 /* AppDelegate.swift in Sources */,
			);
			runOnlyForDeploymentPostprocessing = 0;
		};
/* End PBXSourcesBuildPhase section */

/* Begin PBXVariantGroup section */
		FE16806926FCB2AD0065DAE3 /* Main.storyboard */ = {
			isa = PBXVariantGroup;
			children = (
				FE16806A26FCB2AD0065DAE3 /* Base */,
			);
			name = Main.storyboard;
			sourceTree = "<group>";
		};
/* End PBXVariantGroup section */

/* Begin XCBuildConfiguration section */
		FE16806F26FCB2AE0065DAE3 /* Debug */ = {
			isa = XCBuildConfiguration;
			buildSettings = {
				ALWAYS_SEARCH_USER_PATHS = NO;
				CLANG_ANALYZER_NONNULL = YES;
				CLANG_ANALYZER_NUMBER_OBJECT_CONVERSION = YES_AGGRESSIVE;
				CLANG_CXX_LANGUAGE_STANDARD = "gnu++14";
				CLANG_CXX_LIBRARY = "libc++";
				CLANG_ENABLE_MODULES = YES;
				CLANG_ENABLE_OBJC_ARC = YES;
				CLANG_ENABLE_OBJC_WEAK = YES;
				CLANG_WARN_BLOCK_CAPTURE_AUTORELEASING = YES;
				CLANG_WARN_BOOL_CONVERSION = YES;
				CLANG_WARN_COMMA = YES;
				CLANG_WARN_CONSTANT_CONVERSION = YES;
				CLANG_WARN_DEPRECATED_OBJC_IMPLEMENTATIONS = YES;
				CLANG_WARN_DIRECT_OBJC_ISA_USAGE = YES_ERROR;
				CLANG_WARN_DOCUMENTATION_COMMENTS = YES;
				CLANG_WARN_EMPTY_BODY = YES;
				CLANG_WARN_ENUM_CONVERSION = YES;
				CLANG_WARN_INFINITE_RECURSION = YES;
				CLANG_WARN_INT_CONVERSION = YES;
				CLANG_WARN_NON_LITERAL_NULL_CONVERSION = YES;
				CLANG_WARN_OBJC_IMPLICIT_RETAIN_SELF = YES;
				CLANG_WARN_OBJC_LITERAL_CONVERSION = YES;
				CLANG_WARN_OBJC_ROOT_CLASS = YES_ERROR;
				CLANG_WARN_QUOTED_INCLUDE_IN_FRAMEWORK_HEADER = YES;
				CLANG_WARN_RANGE_LOOP_ANALYSIS = YES;
				CLANG_WARN_STRICT_PROTOTYPES = YES;
				CLANG_WARN_SUSPICIOUS_MOVE = YES;
				CLANG_WARN_UNGUARDED_AVAILABILITY = YES_AGGRESSIVE;
				CLANG_WARN_UNREACHABLE_CODE = YES;
				CLANG_WARN__DUPLICATE_METHOD_MATCH = YES;
				COPY_PHASE_STRIP = NO;
				DEBUG_INFORMATION_FORMAT = dwarf;
				ENABLE_STRICT_OBJC_MSGSEND = YES;
				ENABLE_TESTABILITY = YES;
				GCC_C_LANGUAGE_STANDARD = gnu11;
				GCC_DYNAMIC_NO_PIC = NO;
				GCC_NO_COMMON_BLOCKS = YES;
				GCC_OPTIMIZATION_LEVEL = 0;
				GCC_PREPROCESSOR_DEFINITIONS = (
					"DEBUG=1",
					"$(inherited)",
				);
				GCC_WARN_64_TO_32_BIT_CONVERSION = YES;
				GCC_WARN_ABOUT_RETURN_TYPE = YES_ERROR;
				GCC_WARN_UNDECLARED_SELECTOR = YES;
				GCC_WARN_UNINITIALIZED_AUTOS = YES_AGGRESSIVE;
				GCC_WARN_UNUSED_FUNCTION = YES;
				GCC_WARN_UNUSED_VARIABLE = YES;
				IPHONEOS_DEPLOYMENT_TARGET = 14.5;
				MTL_ENABLE_DEBUG_INFO = INCLUDE_SOURCE;
				MTL_FAST_MATH = YES;
				ONLY_ACTIVE_ARCH = YES;
				SDKROOT = iphoneos;
				SWIFT_ACTIVE_COMPILATION_CONDITIONS = DEBUG;
				SWIFT_OPTIMIZATION_LEVEL = "-Onone";
			};
			name = Debug;
		};
		FE16807026FCB2AE0065DAE3 /* Release */ = {
			isa = XCBuildConfiguration;
			buildSettings = {
				ALWAYS_SEARCH_USER_PATHS = NO;
				CLANG_ANALYZER_NONNULL = YES;
				CLANG_ANALYZER_NUMBER_OBJECT_CONVERSION = YES_AGGRESSIVE;
				CLANG_CXX_LANGUAGE_STANDARD = "gnu++14";
				CLANG_CXX_LIBRARY = "libc++";
				CLANG_ENABLE_MODULES = YES;
				CLANG_ENABLE_OBJC_ARC = YES;
				CLANG_ENABLE_OBJC_WEAK = YES;
				CLANG_WARN_BLOCK_CAPTURE_AUTORELEASING = YES;
				CLANG_WARN_BOOL_CONVERSION = YES;
				CLANG_WARN_COMMA = YES;
				CLANG_WARN_CONSTANT_CONVERSION = YES;
				CLANG_WARN_DEPRECATED_OBJC_IMPLEMENTATIONS = YES;
				CLANG_WARN_DIRECT_OBJC_ISA_USAGE = YES_ERROR;
				CLANG_WARN_DOCUMENTATION_COMMENTS = YES;
				CLANG_WARN_EMPTY_BODY = YES;
				CLANG_WARN_ENUM_CONVERSION = YES;
				CLANG_WARN_INFINITE_RECURSION = YES;
				CLANG_WARN_INT_CONVERSION = YES;
				CLANG_WARN_NON_LITERAL_NULL_CONVERSION = YES;
				CLANG_WARN_OBJC_IMPLICIT_RETAIN_SELF = YES;
				CLANG_WARN_OBJC_LITERAL_CONVERSION = YES;
				CLANG_WARN_OBJC_ROOT_CLASS = YES_ERROR;
				CLANG_WARN_QUOTED_INCLUDE_IN_FRAMEWORK_HEADER = YES;
				CLANG_WARN_RANGE_LOOP_ANALYSIS = YES;
				CLANG_WARN_STRICT_PROTOTYPES = YES;
				CLANG_WARN_SUSPICIOUS_MOVE = YES;
				CLANG_WARN_UNGUARDED_AVAILABILITY = YES_AGGRESSIVE;
				CLANG_WARN_UNREACHABLE_CODE = YES;
				CLANG_WARN__DUPLICATE_METHOD_MATCH = YES;
				COPY_PHASE_STRIP = NO;
				DEBUG_INFORMATION_FORMAT = "dwarf-with-dsym";
				ENABLE_NS_ASSERTIONS = NO;
				ENABLE_STRICT_OBJC_MSGSEND = YES;
				GCC_C_LANGUAGE_STANDARD = gnu11;
				GCC_NO_COMMON_BLOCKS = YES;
				GCC_WARN_64_TO_32_BIT_CONVERSION = YES;
				GCC_WARN_ABOUT_RETURN_TYPE = YES_ERROR;
				GCC_WARN_UNDECLARED_SELECTOR = YES;
				GCC_WARN_UNINITIALIZED_AUTOS = YES_AGGRESSIVE;
				GCC_WARN_UNUSED_FUNCTION = YES;
				GCC_WARN_UNUSED_VARIABLE = YES;
				IPHONEOS_DEPLOYMENT_TARGET = 14.5;
				MTL_ENABLE_DEBUG_INFO = NO;
				MTL_FAST_MATH = YES;
				SDKROOT = iphoneos;
				SWIFT_COMPILATION_MODE = wholemodule;
				SWIFT_OPTIMIZATION_LEVEL = "-O";
				VALIDATE_PRODUCT = YES;
			};
			name = Release;
		};
		FE16807226FCB2AE0065DAE3 /* Debug */ = {
			isa = XCBuildConfiguration;
			buildSettings = {
				ASSETCATALOG_COMPILER_APPICON_NAME = AppIcon;
				ASSETCATALOG_COMPILER_GLOBAL_ACCENT_COLOR_NAME = AccentColor;
				CODE_SIGN_STYLE = Automatic;
				INFOPLIST_FILE = project23/Info.plist;
				LD_RUNPATH_SEARCH_PATHS = (
					"$(inherited)",
					"@executable_path/Frameworks",
				);
				PRODUCT_BUNDLE_IDENTIFIER = socialdeal.project23;
				PRODUCT_NAME = "$(TARGET_NAME)";
				SWIFT_VERSION = 5.0;
				TARGETED_DEVICE_FAMILY = 2;
			};
			name = Debug;
		};
		FE16807326FCB2AE0065DAE3 /* Release */ = {
			isa = XCBuildConfiguration;
			buildSettings = {
				ASSETCATALOG_COMPILER_APPICON_NAME = AppIcon;
				ASSETCATALOG_COMPILER_GLOBAL_ACCENT_COLOR_NAME = AccentColor;
				CODE_SIGN_STYLE = Automatic;
				INFOPLIST_FILE = project23/Info.plist;
				LD_RUNPATH_SEARCH_PATHS = (
					"$(inherited)",
					"@executable_path/Frameworks",
				);
				PRODUCT_BUNDLE_IDENTIFIER = socialdeal.project23;
				PRODUCT_NAME = "$(TARGET_NAME)";
				SWIFT_VERSION = 5.0;
				TARGETED_DEVICE_FAMILY = 2;
			};
			name = Release;
		};
/* End XCBuildConfiguration section */

/* Begin XCConfigurationList section */
		FE16805726FCB2AD0065DAE3 /* Build configuration list for PBXProject "project23" */ = {
			isa = XCConfigurationList;
			buildConfigurations = (
				FE16806F26FCB2AE0065DAE3 /* Debug */,
				FE16807026FCB2AE0065DAE3 /* Release */,
			);
			defaultConfigurationIsVisible = 0;
			defaultConfigurationName = Release;
		};
		FE16807126FCB2AE0065DAE3 /* Build configuration list for PBXNativeTarget "project23" */ = {
			isa = XCConfigurationList;
			buildConfigurations = (
				FE16807226FCB2AE0065DAE3 /* Debug */,
				FE16807326FCB2AE0065DAE3 /* Release */,
			);
			defaultConfigurationIsVisible = 0;
			defaultConfigurationName = Release;
		};
/* End XCConfigurationList section */
	};
	rootObject = FE16805426FCB2AD0065DAE3 /* Project object */;
}
