// !$*UTF8*$!
{
	archiveVersion = 1;
	classes = {
	};
	objectVersion = 50;
	objects = {

/* Begin PBXBuildFile section */
		FE7D80CB26F8855600269045 /* AppDelegate.swift in Sources */ = {isa = PBXBuildFile; fileRef = FE7D80CA26F8855600269045 /* AppDelegate.swift */; };
		FE7D80CD26F8855600269045 /* GameScene.sks in Resources */ = {isa = PBXBuildFile; fileRef = FE7D80CC26F8855600269045 /* GameScene.sks */; };
		FE7D80D126F8855600269045 /* GameScene.swift in Sources */ = {isa = PBXBuildFile; fileRef = FE7D80D026F8855600269045 /* GameScene.swift */; };
		FE7D80D326F8855600269045 /* GameViewController.swift in Sources */ = {isa = PBXBuildFile; fileRef = FE7D80D226F8855600269045 /* GameViewController.swift */; };
		FE7D80D626F8855600269045 /* Main.storyboard in Resources */ = {isa = PBXBuildFile; fileRef = FE7D80D426F8855600269045 /* Main.storyboard */; };
		FE7D80D826F8855700269045 /* Assets.xcassets in Resources */ = {isa = PBXBuildFile; fileRef = FE7D80D726F8855700269045 /* Assets.xcassets */; };
		FE7D80E126F889CE00269045 /* fuse.sks in Resources */ = {isa = PBXBuildFile; fileRef = FE7D80DF26F889CE00269045 /* fuse.sks */; };
		FE7D80E226F889CE00269045 /* explode.sks in Resources */ = {isa = PBXBuildFile; fileRef = FE7D80E026F889CE00269045 /* explode.sks */; };
/* End PBXBuildFile section */

/* Begin PBXFileReference section */
		FE7D80C726F8855600269045 /* project20.app */ = {isa = PBXFileReference; explicitFileType = wrapper.application; includeInIndex = 0; path = project20.app; sourceTree = BUILT_PRODUCTS_DIR; };
		FE7D80CA26F8855600269045 /* AppDelegate.swift */ = {isa = PBXFileReference; lastKnownFileType = sourcecode.swift; path = AppDelegate.swift; sourceTree = "<group>"; };
		FE7D80CC26F8855600269045 /* GameScene.sks */ = {isa = PBXFileReference; lastKnownFileType = file.sks; path = GameScene.sks; sourceTree = "<group>"; };
		FE7D80D026F8855600269045 /* GameScene.swift */ = {isa = PBXFileReference; lastKnownFileType = sourcecode.swift; path = GameScene.swift; sourceTree = "<group>"; };
		FE7D80D226F8855600269045 /* GameViewController.swift */ = {isa = PBXFileReference; lastKnownFileType = sourcecode.swift; path = GameViewController.swift; sourceTree = "<group>"; };
		FE7D80D526F8855600269045 /* Base */ = {isa = PBXFileReference; lastKnownFileType = file.storyboard; name = Base; path = Base.lproj/Main.storyboard; sourceTree = "<group>"; };
		FE7D80D726F8855700269045 /* Assets.xcassets */ = {isa = PBXFileReference; lastKnownFileType = folder.assetcatalog; path = Assets.xcassets; sourceTree = "<group>"; };
		FE7D80D926F8855700269045 /* Info.plist */ = {isa = PBXFileReference; lastKnownFileType = text.plist.xml; path = Info.plist; sourceTree = "<group>"; };
		FE7D80DF26F889CE00269045 /* fuse.sks */ = {isa = PBXFileReference; lastKnownFileType = file.sks; name = fuse.sks; path = "../../../../../Library/Containers/com.apple.mail/Data/Library/Mail Downloads/6378D7B9-AE79-4189-96B0-EC758D4D527B/project20-files/Content/fuse.sks"; sourceTree = "<group>"; };
		FE7D80E026F889CE00269045 /* explode.sks */ = {isa = PBXFileReference; lastKnownFileType = file.sks; name = explode.sks; path = "../../../../../Library/Containers/com.apple.mail/Data/Library/Mail Downloads/6378D7B9-AE79-4189-96B0-EC758D4D527B/project20-files/Content/explode.sks"; sourceTree = "<group>"; };
/* End PBXFileReference section */

/* Begin PBXFrameworksBuildPhase section */
		FE7D80C426F8855600269045 /* Frameworks */ = {
			isa = PBXFrameworksBuildPhase;
			buildActionMask = 2147483647;
			files = (
			);
			runOnlyForDeploymentPostprocessing = 0;
		};
/* End PBXFrameworksBuildPhase section */

/* Begin PBXGroup section */
		FE7D80BE26F8855600269045 = {
			isa = PBXGroup;
			children = (
				FE7D80C926F8855600269045 /* project20 */,
				FE7D80C826F8855600269045 /* Products */,
			);
			sourceTree = "<group>";
		};
		FE7D80C826F8855600269045 /* Products */ = {
			isa = PBXGroup;
			children = (
				FE7D80C726F8855600269045 /* project20.app */,
			);
			name = Products;
			sourceTree = "<group>";
		};
		FE7D80C926F8855600269045 /* project20 */ = {
			isa = PBXGroup;
			children = (
				FE7D80CA26F8855600269045 /* AppDelegate.swift */,
				FE7D80CC26F8855600269045 /* GameScene.sks */,
				FE7D80D026F8855600269045 /* GameScene.swift */,
				FE7D80D226F8855600269045 /* GameViewController.swift */,
				FE7D80D426F8855600269045 /* Main.storyboard */,
				FE7D80D726F8855700269045 /* Assets.xcassets */,
				FE7D80D926F8855700269045 /* Info.plist */,
				FE7D80E026F889CE00269045 /* explode.sks */,
				FE7D80DF26F889CE00269045 /* fuse.sks */,
			);
			path = project20;
			sourceTree = "<group>";
		};
/* End PBXGroup section */

/* Begin PBXNativeTarget section */
		FE7D80C626F8855600269045 /* project20 */ = {
			isa = PBXNativeTarget;
			buildConfigurationList = FE7D80DC26F8855700269045 /* Build configuration list for PBXNativeTarget "project20" */;
			buildPhases = (
				FE7D80C326F8855600269045 /* Sources */,
				FE7D80C426F8855600269045 /* Frameworks */,
				FE7D80C526F8855600269045 /* Resources */,
			);
			buildRules = (
			);
			dependencies = (
			);
			name = project20;
			productName = project20;
			productReference = FE7D80C726F8855600269045 /* project20.app */;
			productType = "com.apple.product-type.application";
		};
/* End PBXNativeTarget section */

/* Begin PBXProject section */
		FE7D80BF26F8855600269045 /* Project object */ = {
			isa = PBXProject;
			attributes = {
				LastSwiftUpdateCheck = 1250;
				LastUpgradeCheck = 1250;
				TargetAttributes = {
					FE7D80C626F8855600269045 = {
						CreatedOnToolsVersion = 12.5.1;
					};
				};
			};
			buildConfigurationList = FE7D80C226F8855600269045 /* Build configuration list for PBXProject "project20" */;
			compatibilityVersion = "Xcode 9.3";
			developmentRegion = en;
			hasScannedForEncodings = 0;
			knownRegions = (
				en,
				Base,
			);
			mainGroup = FE7D80BE26F8855600269045;
			productRefGroup = FE7D80C826F8855600269045 /* Products */;
			projectDirPath = "";
			projectRoot = "";
			targets = (
				FE7D80C626F8855600269045 /* project20 */,
			);
		};
/* End PBXProject section */

/* Begin PBXResourcesBuildPhase section */
		FE7D80C526F8855600269045 /* Resources */ = {
			isa = PBXResourcesBuildPhase;
			buildActionMask = 2147483647;
			files = (
				FE7D80D626F8855600269045 /* Main.storyboard in Resources */,
				FE7D80CD26F8855600269045 /* GameScene.sks in Resources */,
				FE7D80E126F889CE00269045 /* fuse.sks in Resources */,
				FE7D80D826F8855700269045 /* Assets.xcassets in Resources */,
				FE7D80E226F889CE00269045 /* explode.sks in Resources */,
			);
			runOnlyForDeploymentPostprocessing = 0;
		};
/* End PBXResourcesBuildPhase section */

/* Begin PBXSourcesBuildPhase section */
		FE7D80C326F8855600269045 /* Sources */ = {
			isa = PBXSourcesBuildPhase;
			buildActionMask = 2147483647;
			files = (
				FE7D80D126F8855600269045 /* GameScene.swift in Sources */,
				FE7D80D326F8855600269045 /* GameViewController.swift in Sources */,
				FE7D80CB26F8855600269045 /* AppDelegate.swift in Sources */,
			);
			runOnlyForDeploymentPostprocessing = 0;
		};
/* End PBXSourcesBuildPhase section */

/* Begin PBXVariantGroup section */
		FE7D80D426F8855600269045 /* Main.storyboard */ = {
			isa = PBXVariantGroup;
			children = (
				FE7D80D526F8855600269045 /* Base */,
			);
			name = Main.storyboard;
			sourceTree = "<group>";
		};
/* End PBXVariantGroup section */

/* Begin XCBuildConfiguration section */
		FE7D80DA26F8855700269045 /* Debug */ = {
			isa = XCBuildConfiguration;
			buildSettings = {
				ALWAYS_SEARCH_USER_PATHS = NO;
				CLANG_ANALYZER_NONNULL = YES;
				CLANG_ANALYZER_NUMBER_OBJECT_CONVERSION = YES_AGGRESSIVE;
				CLANG_CXX_LANGUAGE_STANDARD = "gnu++14";
				CLANG_CXX_LIBRARY = "libc++";
				CLANG_ENABLE_MODULES = YES;
				CLANG_ENABLE_OBJC_ARC = YES;
				CLANG_ENABLE_OBJC_WEAK = YES;
				CLANG_WARN_BLOCK_CAPTURE_AUTORELEASING = YES;
				CLANG_WARN_BOOL_CONVERSION = YES;
				CLANG_WARN_COMMA = YES;
				CLANG_WARN_CONSTANT_CONVERSION = YES;
				CLANG_WARN_DEPRECATED_OBJC_IMPLEMENTATIONS = YES;
				CLANG_WARN_DIRECT_OBJC_ISA_USAGE = YES_ERROR;
				CLANG_WARN_DOCUMENTATION_COMMENTS = YES;
				CLANG_WARN_EMPTY_BODY = YES;
				CLANG_WARN_ENUM_CONVERSION = YES;
				CLANG_WARN_INFINITE_RECURSION = YES;
				CLANG_WARN_INT_CONVERSION = YES;
				CLANG_WARN_NON_LITERAL_NULL_CONVERSION = YES;
				CLANG_WARN_OBJC_IMPLICIT_RETAIN_SELF = YES;
				CLANG_WARN_OBJC_LITERAL_CONVERSION = YES;
				CLANG_WARN_OBJC_ROOT_CLASS = YES_ERROR;
				CLANG_WARN_QUOTED_INCLUDE_IN_FRAMEWORK_HEADER = YES;
				CLANG_WARN_RANGE_LOOP_ANALYSIS = YES;
				CLANG_WARN_STRICT_PROTOTYPES = YES;
				CLANG_WARN_SUSPICIOUS_MOVE = YES;
				CLANG_WARN_UNGUARDED_AVAILABILITY = YES_AGGRESSIVE;
				CLANG_WARN_UNREACHABLE_CODE = YES;
				CLANG_WARN__DUPLICATE_METHOD_MATCH = YES;
				COPY_PHASE_STRIP = NO;
				DEBUG_INFORMATION_FORMAT = dwarf;
				ENABLE_STRICT_OBJC_MSGSEND = YES;
				ENABLE_TESTABILITY = YES;
				GCC_C_LANGUAGE_STANDARD = gnu11;
				GCC_DYNAMIC_NO_PIC = NO;
				GCC_NO_COMMON_BLOCKS = YES;
				GCC_OPTIMIZATION_LEVEL = 0;
				GCC_PREPROCESSOR_DEFINITIONS = (
					"DEBUG=1",
					"$(inherited)",
				);
				GCC_WARN_64_TO_32_BIT_CONVERSION = YES;
				GCC_WARN_ABOUT_RETURN_TYPE = YES_ERROR;
				GCC_WARN_UNDECLARED_SELECTOR = YES;
				GCC_WARN_UNINITIALIZED_AUTOS = YES_AGGRESSIVE;
				GCC_WARN_UNUSED_FUNCTION = YES;
				GCC_WARN_UNUSED_VARIABLE = YES;
				IPHONEOS_DEPLOYMENT_TARGET = 14.5;
				MTL_ENABLE_DEBUG_INFO = INCLUDE_SOURCE;
				MTL_FAST_MATH = YES;
				ONLY_ACTIVE_ARCH = YES;
				SDKROOT = iphoneos;
				SWIFT_ACTIVE_COMPILATION_CONDITIONS = DEBUG;
				SWIFT_OPTIMIZATION_LEVEL = "-Onone";
			};
			name = Debug;
		};
		FE7D80DB26F8855700269045 /* Release */ = {
			isa = XCBuildConfiguration;
			buildSettings = {
				ALWAYS_SEARCH_USER_PATHS = NO;
				CLANG_ANALYZER_NONNULL = YES;
				CLANG_ANALYZER_NUMBER_OBJECT_CONVERSION = YES_AGGRESSIVE;
				CLANG_CXX_LANGUAGE_STANDARD = "gnu++14";
				CLANG_CXX_LIBRARY = "libc++";
				CLANG_ENABLE_MODULES = YES;
				CLANG_ENABLE_OBJC_ARC = YES;
				CLANG_ENABLE_OBJC_WEAK = YES;
				CLANG_WARN_BLOCK_CAPTURE_AUTORELEASING = YES;
				CLANG_WARN_BOOL_CONVERSION = YES;
				CLANG_WARN_COMMA = YES;
				CLANG_WARN_CONSTANT_CONVERSION = YES;
				CLANG_WARN_DEPRECATED_OBJC_IMPLEMENTATIONS = YES;
				CLANG_WARN_DIRECT_OBJC_ISA_USAGE = YES_ERROR;
				CLANG_WARN_DOCUMENTATION_COMMENTS = YES;
				CLANG_WARN_EMPTY_BODY = YES;
				CLANG_WARN_ENUM_CONVERSION = YES;
				CLANG_WARN_INFINITE_RECURSION = YES;
				CLANG_WARN_INT_CONVERSION = YES;
				CLANG_WARN_NON_LITERAL_NULL_CONVERSION = YES;
				CLANG_WARN_OBJC_IMPLICIT_RETAIN_SELF = YES;
				CLANG_WARN_OBJC_LITERAL_CONVERSION = YES;
				CLANG_WARN_OBJC_ROOT_CLASS = YES_ERROR;
				CLANG_WARN_QUOTED_INCLUDE_IN_FRAMEWORK_HEADER = YES;
				CLANG_WARN_RANGE_LOOP_ANALYSIS = YES;
				CLANG_WARN_STRICT_PROTOTYPES = YES;
				CLANG_WARN_SUSPICIOUS_MOVE = YES;
				CLANG_WARN_UNGUARDED_AVAILABILITY = YES_AGGRESSIVE;
				CLANG_WARN_UNREACHABLE_CODE = YES;
				CLANG_WARN__DUPLICATE_METHOD_MATCH = YES;
				COPY_PHASE_STRIP = NO;
				DEBUG_INFORMATION_FORMAT = "dwarf-with-dsym";
				ENABLE_NS_ASSERTIONS = NO;
				ENABLE_STRICT_OBJC_MSGSEND = YES;
				GCC_C_LANGUAGE_STANDARD = gnu11;
				GCC_NO_COMMON_BLOCKS = YES;
				GCC_WARN_64_TO_32_BIT_CONVERSION = YES;
				GCC_WARN_ABOUT_RETURN_TYPE = YES_ERROR;
				GCC_WARN_UNDECLARED_SELECTOR = YES;
				GCC_WARN_UNINITIALIZED_AUTOS = YES_AGGRESSIVE;
				GCC_WARN_UNUSED_FUNCTION = YES;
				GCC_WARN_UNUSED_VARIABLE = YES;
				IPHONEOS_DEPLOYMENT_TARGET = 14.5;
				MTL_ENABLE_DEBUG_INFO = NO;
				MTL_FAST_MATH = YES;
				SDKROOT = iphoneos;
				SWIFT_COMPILATION_MODE = wholemodule;
				SWIFT_OPTIMIZATION_LEVEL = "-O";
				VALIDATE_PRODUCT = YES;
			};
			name = Release;
		};
		FE7D80DD26F8855700269045 /* Debug */ = {
			isa = XCBuildConfiguration;
			buildSettings = {
				ASSETCATALOG_COMPILER_APPICON_NAME = AppIcon;
				ASSETCATALOG_COMPILER_GLOBAL_ACCENT_COLOR_NAME = AccentColor;
				CODE_SIGN_STYLE = Automatic;
				INFOPLIST_FILE = project20/Info.plist;
				LD_RUNPATH_SEARCH_PATHS = (
					"$(inherited)",
					"@executable_path/Frameworks",
				);
				PRODUCT_BUNDLE_IDENTIFIER = socialdeal.project20;
				PRODUCT_NAME = "$(TARGET_NAME)";
				SWIFT_VERSION = 5.0;
				TARGETED_DEVICE_FAMILY = 2;
			};
			name = Debug;
		};
		FE7D80DE26F8855700269045 /* Release */ = {
			isa = XCBuildConfiguration;
			buildSettings = {
				ASSETCATALOG_COMPILER_APPICON_NAME = AppIcon;
				ASSETCATALOG_COMPILER_GLOBAL_ACCENT_COLOR_NAME = AccentColor;
				CODE_SIGN_STYLE = Automatic;
				INFOPLIST_FILE = project20/Info.plist;
				LD_RUNPATH_SEARCH_PATHS = (
					"$(inherited)",
					"@executable_path/Frameworks",
				);
				PRODUCT_BUNDLE_IDENTIFIER = socialdeal.project20;
				PRODUCT_NAME = "$(TARGET_NAME)";
				SWIFT_VERSION = 5.0;
				TARGETED_DEVICE_FAMILY = 2;
			};
			name = Release;
		};
/* End XCBuildConfiguration section */

/* Begin XCConfigurationList section */
		FE7D80C226F8855600269045 /* Build configuration list for PBXProject "project20" */ = {
			isa = XCConfigurationList;
			buildConfigurations = (
				FE7D80DA26F8855700269045 /* Debug */,
				FE7D80DB26F8855700269045 /* Release */,
			);
			defaultConfigurationIsVisible = 0;
			defaultConfigurationName = Release;
		};
		FE7D80DC26F8855700269045 /* Build configuration list for PBXNativeTarget "project20" */ = {
			isa = XCConfigurationList;
			buildConfigurations = (
				FE7D80DD26F8855700269045 /* Debug */,
				FE7D80DE26F8855700269045 /* Release */,
			);
			defaultConfigurationIsVisible = 0;
			defaultConfigurationName = Release;
		};
/* End XCConfigurationList section */
	};
	rootObject = FE7D80BF26F8855600269045 /* Project object */;
}
